
Microsoft Visual Studio Solution File, Format Version 12.00
# Visual Studio Version 16
VisualStudioVersion = 16.0.32228.343
MinimumVisualStudioVersion = 10.0.40219.1
Project("{FAE04EC0-301F-11D3-BF4B-00C04F79EFBC}") = "SF_Module8_WorkWithFiles", "SF_Module8_WorkWithFiles\SF_Module8_WorkWithFiles.csproj", "{6029F45A-3417-42A5-93BA-1D5C3309DB7A}"
EndProject
Global
	GlobalSection(SolutionConfigurationPlatforms) = preSolution
		Debug|Any CPU = Debug|Any CPU
		Release|Any CPU = Release|Any CPU
	EndGlobalSection
	GlobalSection(ProjectConfigurationPlatforms) = postSolution
		{6029F45A-3417-42A5-93BA-1D5C3309DB7A}.Debug|Any CPU.ActiveCfg = Debug|Any CPU
		{6029F45A-3417-42A5-93BA-1D5C3309DB7A}.Debug|Any CPU.Build.0 = Debug|Any CPU
		{6029F45A-3417-42A5-93BA-1D5C3309DB7A}.Release|Any CPU.ActiveCfg = Release|Any CPU
		{6029F45A-3417-42A5-93BA-1D5C3309DB7A}.Release|Any CPU.Build.0 = Release|Any CPU
	EndGlobalSection
	GlobalSection(SolutionProperties) = preSolution
		HideSolutionNode = FALSE
	EndGlobalSection
	GlobalSection(ExtensibilityGlobals) = postSolution
		SolutionGuid = {05A7ADAC-AAB8-49DD-ABC3-7B78B0A83D3C}
	EndGlobalSection
EndGlobal
